speakeasyVersion: 1.554.1
sources:
    -OAS:
        sourceNamespace: midday-api
        sourceRevisionDigest: sha256:f2ea4d2b25b5ec58c8e5426028728f1c20a7bbea105679e6e0b452d37fe3e18f
        sourceBlobDigest: sha256:a0e6eecb2e29484d1407a8a6ea72ceec83b3c921d52872eddf62e79fc62721b7
        tags:
            - latest
targets:
    midday:
        source: -OAS
        sourceNamespace: midday-api
        sourceRevisionDigest: sha256:f2ea4d2b25b5ec58c8e5426028728f1c20a7bbea105679e6e0b452d37fe3e18f
        sourceBlobDigest: sha256:a0e6eecb2e29484d1407a8a6ea72ceec83b3c921d52872eddf62e79fc62721b7
workflow:
    workflowVersion: 1.0.0
    speakeasyVersion: latest
    sources:
        -OAS:
            inputs:
                - location: registry.speakeasyapi.dev/midday/midday/midday-api:main
            registry:
                location: registry.speakeasyapi.dev/midday/midday/-oas
    targets:
        midday:
            target: python
            source: -OAS
            codeSamples:
                registry:
                    location: registry.speakeasyapi.dev/midday/midday/-oas-python-code-samples
                labelOverride:
                    fixedValue: Python (SDK)
                blocking: false
